
Microsoft Visual Studio Solution File, Format Version 12.00
# Visual Studio Version 17
VisualStudioVersion = 17.11.35208.52
MinimumVisualStudioVersion = 10.0.40219.1
Project("{FAE04EC0-301F-11D3-BF4B-00C04F79EFBC}") = "CoffeeShop", "CoffeeShop\CoffeeShop.csproj", "{FF9D73A0-9639-4D59-AD65-03D5F4D522E8}"
EndProject
Global
	GlobalSection(SolutionConfigurationPlatforms) = preSolution
		Debug|Any CPU = Debug|Any CPU
		Release|Any CPU = Release|Any CPU
	EndGlobalSection
	GlobalSection(ProjectConfigurationPlatforms) = postSolution
		{FF9D73A0-9639-4D59-AD65-03D5F4D522E8}.Debug|Any CPU.ActiveCfg = Debug|Any CPU
		{FF9D73A0-9639-4D59-AD65-03D5F4D522E8}.Debug|Any CPU.Build.0 = Debug|Any CPU
		{FF9D73A0-9639-4D59-AD65-03D5F4D522E8}.Release|Any CPU.ActiveCfg = Release|Any CPU
		{FF9D73A0-9639-4D59-AD65-03D5F4D522E8}.Release|Any CPU.Build.0 = Release|Any CPU
	EndGlobalSection
	GlobalSection(SolutionProperties) = preSolution
		HideSolutionNode = FALSE
	EndGlobalSection
	GlobalSection(ExtensibilityGlobals) = postSolution
		SolutionGuid = {B52185A3-4BB0-4FC2-86F1-3FFAFD25B1C1}
	EndGlobalSection
EndGlobal
